
Microsoft Visual Studio Solution File, Format Version 12.00
Project("{FAE04EC0-301F-11D3-BF4B-00C04F79EFBC}") = "exam", "exam.csproj", "{8F6CCDD9-291D-41B5-BD7B-8FAD22D4F98F}"
EndProject
Global
	GlobalSection(SolutionConfigurationPlatforms) = preSolution
		Debug|Any CPU = Debug|Any CPU
		Release|Any CPU = Release|Any CPU
	EndGlobalSection
	GlobalSection(ProjectConfigurationPlatforms) = postSolution
		{8F6CCDD9-291D-41B5-BD7B-8FAD22D4F98F}.Debug|Any CPU.ActiveCfg = Debug|Any CPU
		{8F6CCDD9-291D-41B5-BD7B-8FAD22D4F98F}.Debug|Any CPU.Build.0 = Debug|Any CPU
		{8F6CCDD9-291D-41B5-BD7B-8FAD22D4F98F}.Release|Any CPU.ActiveCfg = Release|Any CPU
		{8F6CCDD9-291D-41B5-BD7B-8FAD22D4F98F}.Release|Any CPU.Build.0 = Release|Any CPU
	EndGlobalSection
EndGlobal
