
Microsoft Visual Studio Solution File, Format Version 12.00
Project("{FAE04EC0-301F-11D3-BF4B-00C04F79EFBC}") = "Laboratory 4", "Laboratory 4.csproj", "{DEDC82EF-1648-46D4-8393-8D4F0CB6FE3A}"
EndProject
Global
	GlobalSection(SolutionConfigurationPlatforms) = preSolution
		Debug|Any CPU = Debug|Any CPU
		Release|Any CPU = Release|Any CPU
	EndGlobalSection
	GlobalSection(ProjectConfigurationPlatforms) = postSolution
		{DEDC82EF-1648-46D4-8393-8D4F0CB6FE3A}.Debug|Any CPU.ActiveCfg = Debug|Any CPU
		{DEDC82EF-1648-46D4-8393-8D4F0CB6FE3A}.Debug|Any CPU.Build.0 = Debug|Any CPU
		{DEDC82EF-1648-46D4-8393-8D4F0CB6FE3A}.Release|Any CPU.ActiveCfg = Release|Any CPU
		{DEDC82EF-1648-46D4-8393-8D4F0CB6FE3A}.Release|Any CPU.Build.0 = Release|Any CPU
	EndGlobalSection
EndGlobal
